{
  "requires": true,
  "lockfileVersion": 1,
  "dependencies": {
    "gauge.js": {
      "version": "0.2.1",
      "resolved": "https://registry.npmjs.org/gauge.js/-/gauge.js-0.2.1.tgz",
      "integrity": "sha1-WBTSOsTNFohq3qEx5gExUCNYtW8="
    },
    "justgage": {
      "version": "1.2.2",
      "resolved": "https://registry.npmjs.org/justgage/-/justgage-1.2.2.tgz",
      "integrity": "sha1-sRYNTVKAP4LQ6JArFEldDfpErow="
    }
  }
}
